// !$*UTF8*$!
{
	archiveVersion = 1;
	classes = {
	};
	objectVersion = 50;
	objects = {

/* Begin PBXBuildFile section */
		F31304862211FAD60089EFF0 /* AppDelegate.swift in Sources */ = {isa = PBXBuildFile; fileRef = F31304852211FAD60089EFF0 /* AppDelegate.swift */; };
		F31304882211FAD60089EFF0 /* ViewController.swift in Sources */ = {isa = PBXBuildFile; fileRef = F31304872211FAD60089EFF0 /* ViewController.swift */; };
		F313048B2211FAD60089EFF0 /* Main.storyboard in Resources */ = {isa = PBXBuildFile; fileRef = F31304892211FAD60089EFF0 /* Main.storyboard */; };
		F313048D2211FAD70089EFF0 /* Assets.xcassets in Resources */ = {isa = PBXBuildFile; fileRef = F313048C2211FAD70089EFF0 /* Assets.xcassets */; };
		F31304902211FAD70089EFF0 /* LaunchScreen.storyboard in Resources */ = {isa = PBXBuildFile; fileRef = F313048E2211FAD70089EFF0 /* LaunchScreen.storyboard */; };
		F313049B2211FAD70089EFF0 /* LightTests.swift in Sources */ = {isa = PBXBuildFile; fileRef = F313049A2211FAD70089EFF0 /* LightTests.swift */; };
		F31304A62211FAD70089EFF0 /* LightUITests.swift in Sources */ = {isa = PBXBuildFile; fileRef = F31304A52211FAD70089EFF0 /* LightUITests.swift */; };
/* End PBXBuildFile section */

/* Begin PBXContainerItemProxy section */
		F31304972211FAD70089EFF0 /* PBXContainerItemProxy */ = {
			isa = PBXContainerItemProxy;
			containerPortal = F313047A2211FAD60089EFF0 /* Project object */;
			proxyType = 1;
			remoteGlobalIDString = F31304812211FAD60089EFF0;
			remoteInfo = Light;
		};
		F31304A22211FAD70089EFF0 /* PBXContainerItemProxy */ = {
			isa = PBXContainerItemProxy;
			containerPortal = F313047A2211FAD60089EFF0 /* Project object */;
			proxyType = 1;
			remoteGlobalIDString = F31304812211FAD60089EFF0;
			remoteInfo = Light;
		};
/* End PBXContainerItemProxy section */

/* Begin PBXFileReference section */
		F31304822211FAD60089EFF0 /* Light.app */ = {isa = PBXFileReference; explicitFileType = wrapper.application; includeInIndex = 0; path = Light.app; sourceTree = BUILT_PRODUCTS_DIR; };
		F31304852211FAD60089EFF0 /* AppDelegate.swift */ = {isa = PBXFileReference; lastKnownFileType = sourcecode.swift; path = AppDelegate.swift; sourceTree = "<group>"; };
		F31304872211FAD60089EFF0 /* ViewController.swift */ = {isa = PBXFileReference; lastKnownFileType = sourcecode.swift; path = ViewController.swift; sourceTree = "<group>"; };
		F313048A2211FAD60089EFF0 /* Base */ = {isa = PBXFileReference; lastKnownFileType = file.storyboard; name = Base; path = Base.lproj/Main.storyboard; sourceTree = "<group>"; };
		F313048C2211FAD70089EFF0 /* Assets.xcassets */ = {isa = PBXFileReference; lastKnownFileType = folder.assetcatalog; path = Assets.xcassets; sourceTree = "<group>"; };
		F313048F2211FAD70089EFF0 /* Base */ = {isa = PBXFileReference; lastKnownFileType = file.storyboard; name = Base; path = Base.lproj/LaunchScreen.storyboard; sourceTree = "<group>"; };
		F31304912211FAD70089EFF0 /* Info.plist */ = {isa = PBXFileReference; lastKnownFileType = text.plist.xml; path = Info.plist; sourceTree = "<group>"; };
		F31304962211FAD70089EFF0 /* LightTests.xctest */ = {isa = PBXFileReference; explicitFileType = wrapper.cfbundle; includeInIndex = 0; path = LightTests.xctest; sourceTree = BUILT_PRODUCTS_DIR; };
		F313049A2211FAD70089EFF0 /* LightTests.swift */ = {isa = PBXFileReference; lastKnownFileType = sourcecode.swift; path = LightTests.swift; sourceTree = "<group>"; };
		F313049C2211FAD70089EFF0 /* Info.plist */ = {isa = PBXFileReference; lastKnownFileType = text.plist.xml; path = Info.plist; sourceTree = "<group>"; };
		F31304A12211FAD70089EFF0 /* LightUITests.xctest */ = {isa = PBXFileReference; explicitFileType = wrapper.cfbundle; includeInIndex = 0; path = LightUITests.xctest; sourceTree = BUILT_PRODUCTS_DIR; };
		F31304A52211FAD70089EFF0 /* LightUITests.swift */ = {isa = PBXFileReference; lastKnownFileType = sourcecode.swift; path = LightUITests.swift; sourceTree = "<group>"; };
		F31304A72211FAD70089EFF0 /* Info.plist */ = {isa = PBXFileReference; lastKnownFileType = text.plist.xml; path = Info.plist; sourceTree = "<group>"; };
/* End PBXFileReference section */

/* Begin PBXFrameworksBuildPhase section */
		F313047F2211FAD60089EFF0 /* Frameworks */ = {
			isa = PBXFrameworksBuildPhase;
			buildActionMask = 2147483647;
			files = (
			);
			runOnlyForDeploymentPostprocessing = 0;
		};
		F31304932211FAD70089EFF0 /* Frameworks */ = {
			isa = PBXFrameworksBuildPhase;
			buildActionMask = 2147483647;
			files = (
			);
			runOnlyForDeploymentPostprocessing = 0;
		};
		F313049E2211FAD70089EFF0 /* Frameworks */ = {
			isa = PBXFrameworksBuildPhase;
			buildActionMask = 2147483647;
			files = (
			);
			runOnlyForDeploymentPostprocessing = 0;
		};
/* End PBXFrameworksBuildPhase section */

/* Begin PBXGroup section */
		F31304792211FAD60089EFF0 = {
			isa = PBXGroup;
			children = (
				F31304842211FAD60089EFF0 /* Light */,
				F31304992211FAD70089EFF0 /* LightTests */,
				F31304A42211FAD70089EFF0 /* LightUITests */,
				F31304832211FAD60089EFF0 /* Products */,
			);
			sourceTree = "<group>";
		};
		F31304832211FAD60089EFF0 /* Products */ = {
			isa = PBXGroup;
			children = (
				F31304822211FAD60089EFF0 /* Light.app */,
				F31304962211FAD70089EFF0 /* LightTests.xctest */,
				F31304A12211FAD70089EFF0 /* LightUITests.xctest */,
			);
			name = Products;
			sourceTree = "<group>";
		};
		F31304842211FAD60089EFF0 /* Light */ = {
			isa = PBXGroup;
			children = (
				F31304852211FAD60089EFF0 /* AppDelegate.swift */,
				F31304872211FAD60089EFF0 /* ViewController.swift */,
				F31304892211FAD60089EFF0 /* Main.storyboard */,
				F313048C2211FAD70089EFF0 /* Assets.xcassets */,
				F313048E2211FAD70089EFF0 /* LaunchScreen.storyboard */,
				F31304912211FAD70089EFF0 /* Info.plist */,
			);
			path = Light;
			sourceTree = "<group>";
		};
		F31304992211FAD70089EFF0 /* LightTests */ = {
			isa = PBXGroup;
			children = (
				F313049A2211FAD70089EFF0 /* LightTests.swift */,
				F313049C2211FAD70089EFF0 /* Info.plist */,
			);
			path = LightTests;
			sourceTree = "<group>";
		};
		F31304A42211FAD70089EFF0 /* LightUITests */ = {
			isa = PBXGroup;
			children = (
				F31304A52211FAD70089EFF0 /* LightUITests.swift */,
				F31304A72211FAD70089EFF0 /* Info.plist */,
			);
			path = LightUITests;
			sourceTree = "<group>";
		};
/* End PBXGroup section */

/* Begin PBXNativeTarget section */
		F31304812211FAD60089EFF0 /* Light */ = {
			isa = PBXNativeTarget;
			buildConfigurationList = F31304AA2211FAD70089EFF0 /* Build configuration list for PBXNativeTarget "Light" */;
			buildPhases = (
				F313047E2211FAD60089EFF0 /* Sources */,
				F313047F2211FAD60089EFF0 /* Frameworks */,
				F31304802211FAD60089EFF0 /* Resources */,
			);
			buildRules = (
			);
			dependencies = (
			);
			name = Light;
			productName = Light;
			productReference = F31304822211FAD60089EFF0 /* Light.app */;
			productType = "com.apple.product-type.application";
		};
		F31304952211FAD70089EFF0 /* LightTests */ = {
			isa = PBXNativeTarget;
			buildConfigurationList = F31304AD2211FAD70089EFF0 /* Build configuration list for PBXNativeTarget "LightTests" */;
			buildPhases = (
				F31304922211FAD70089EFF0 /* Sources */,
				F31304932211FAD70089EFF0 /* Frameworks */,
				F31304942211FAD70089EFF0 /* Resources */,
			);
			buildRules = (
			);
			dependencies = (
				F31304982211FAD70089EFF0 /* PBXTargetDependency */,
			);
			name = LightTests;
			productName = LightTests;
			productReference = F31304962211FAD70089EFF0 /* LightTests.xctest */;
			productType = "com.apple.product-type.bundle.unit-test";
		};
		F31304A02211FAD70089EFF0 /* LightUITests */ = {
			isa = PBXNativeTarget;
			buildConfigurationList = F31304B02211FAD70089EFF0 /* Build configuration list for PBXNativeTarget "LightUITests" */;
			buildPhases = (
				F313049D2211FAD70089EFF0 /* Sources */,
				F313049E2211FAD70089EFF0 /* Frameworks */,
				F313049F2211FAD70089EFF0 /* Resources */,
			);
			buildRules = (
			);
			dependencies = (
				F31304A32211FAD70089EFF0 /* PBXTargetDependency */,
			);
			name = LightUITests;
			productName = LightUITests;
			productReference = F31304A12211FAD70089EFF0 /* LightUITests.xctest */;
			productType = "com.apple.product-type.bundle.ui-testing";
		};
/* End PBXNativeTarget section */

/* Begin PBXProject section */
		F313047A2211FAD60089EFF0 /* Project object */ = {
			isa = PBXProject;
			attributes = {
				LastSwiftUpdateCheck = 1010;
				LastUpgradeCheck = 1010;
				ORGANIZATIONNAME = Flint;
				TargetAttributes = {
					F31304812211FAD60089EFF0 = {
						CreatedOnToolsVersion = 10.1;
					};
					F31304952211FAD70089EFF0 = {
						CreatedOnToolsVersion = 10.1;
						TestTargetID = F31304812211FAD60089EFF0;
					};
					F31304A02211FAD70089EFF0 = {
						CreatedOnToolsVersion = 10.1;
						TestTargetID = F31304812211FAD60089EFF0;
					};
				};
			};
			buildConfigurationList = F313047D2211FAD60089EFF0 /* Build configuration list for PBXProject "Light" */;
			compatibilityVersion = "Xcode 9.3";
			developmentRegion = en;
			hasScannedForEncodings = 0;
			knownRegions = (
				en,
				Base,
			);
			mainGroup = F31304792211FAD60089EFF0;
			productRefGroup = F31304832211FAD60089EFF0 /* Products */;
			projectDirPath = "";
			projectRoot = "";
			targets = (
				F31304812211FAD60089EFF0 /* Light */,
				F31304952211FAD70089EFF0 /* LightTests */,
				F31304A02211FAD70089EFF0 /* LightUITests */,
			);
		};
/* End PBXProject section */

/* Begin PBXResourcesBuildPhase section */
		F31304802211FAD60089EFF0 /* Resources */ = {
			isa = PBXResourcesBuildPhase;
			buildActionMask = 2147483647;
			files = (
				F31304902211FAD70089EFF0 /* LaunchScreen.storyboard in Resources */,
				F313048D2211FAD70089EFF0 /* Assets.xcassets in Resources */,
				F313048B2211FAD60089EFF0 /* Main.storyboard in Resources */,
			);
			runOnlyForDeploymentPostprocessing = 0;
		};
		F31304942211FAD70089EFF0 /* Resources */ = {
			isa = PBXResourcesBuildPhase;
			buildActionMask = 2147483647;
			files = (
			);
			runOnlyForDeploymentPostprocessing = 0;
		};
		F313049F2211FAD70089EFF0 /* Resources */ = {
			isa = PBXResourcesBuildPhase;
			buildActionMask = 2147483647;
			files = (
			);
			runOnlyForDeploymentPostprocessing = 0;
		};
/* End PBXResourcesBuildPhase section */

/* Begin PBXSourcesBuildPhase section */
		F313047E2211FAD60089EFF0 /* Sources */ = {
			isa = PBXSourcesBuildPhase;
			buildActionMask = 2147483647;
			files = (
				F31304882211FAD60089EFF0 /* ViewController.swift in Sources */,
				F31304862211FAD60089EFF0 /* AppDelegate.swift in Sources */,
			);
			runOnlyForDeploymentPostprocessing = 0;
		};
		F31304922211FAD70089EFF0 /* Sources */ = {
			isa = PBXSourcesBuildPhase;
			buildActionMask = 2147483647;
			files = (
				F313049B2211FAD70089EFF0 /* LightTests.swift in Sources */,
			);
			runOnlyForDeploymentPostprocessing = 0;
		};
		F313049D2211FAD70089EFF0 /* Sources */ = {
			isa = PBXSourcesBuildPhase;
			buildActionMask = 2147483647;
			files = (
				F31304A62211FAD70089EFF0 /* LightUITests.swift in Sources */,
			);
			runOnlyForDeploymentPostprocessing = 0;
		};
/* End PBXSourcesBuildPhase section */

/* Begin PBXTargetDependency section */
		F31304982211FAD70089EFF0 /* PBXTargetDependency */ = {
			isa = PBXTargetDependency;
			target = F31304812211FAD60089EFF0 /* Light */;
			targetProxy = F31304972211FAD70089EFF0 /* PBXContainerItemProxy */;
		};
		F31304A32211FAD70089EFF0 /* PBXTargetDependency */ = {
			isa = PBXTargetDependency;
			target = F31304812211FAD60089EFF0 /* Light */;
			targetProxy = F31304A22211FAD70089EFF0 /* PBXContainerItemProxy */;
		};
/* End PBXTargetDependency section */

/* Begin PBXVariantGroup section */
		F31304892211FAD60089EFF0 /* Main.storyboard */ = {
			isa = PBXVariantGroup;
			children = (
				F313048A2211FAD60089EFF0 /* Base */,
			);
			name = Main.storyboard;
			sourceTree = "<group>";
		};
		F313048E2211FAD70089EFF0 /* LaunchScreen.storyboard */ = {
			isa = PBXVariantGroup;
			children = (
				F313048F2211FAD70089EFF0 /* Base */,
			);
			name = LaunchScreen.storyboard;
			sourceTree = "<group>";
		};
/* End PBXVariantGroup section */

/* Begin XCBuildConfiguration section */
		F31304A82211FAD70089EFF0 /* Debug */ = {
			isa = XCBuildConfiguration;
			buildSettings = {
				ALWAYS_SEARCH_USER_PATHS = NO;
				CLANG_ANALYZER_NONNULL = YES;
				CLANG_ANALYZER_NUMBER_OBJECT_CONVERSION = YES_AGGRESSIVE;
				CLANG_CXX_LANGUAGE_STANDARD = "gnu++14";
				CLANG_CXX_LIBRARY = "libc++";
				CLANG_ENABLE_MODULES = YES;
				CLANG_ENABLE_OBJC_ARC = YES;
				CLANG_ENABLE_OBJC_WEAK = YES;
				CLANG_WARN_BLOCK_CAPTURE_AUTORELEASING = YES;
				CLANG_WARN_BOOL_CONVERSION = YES;
				CLANG_WARN_COMMA = YES;
				CLANG_WARN_CONSTANT_CONVERSION = YES;
				CLANG_WARN_DEPRECATED_OBJC_IMPLEMENTATIONS = YES;
				CLANG_WARN_DIRECT_OBJC_ISA_USAGE = YES_ERROR;
				CLANG_WARN_DOCUMENTATION_COMMENTS = YES;
				CLANG_WARN_EMPTY_BODY = YES;
				CLANG_WARN_ENUM_CONVERSION = YES;
				CLANG_WARN_INFINITE_RECURSION = YES;
				CLANG_WARN_INT_CONVERSION = YES;
				CLANG_WARN_NON_LITERAL_NULL_CONVERSION = YES;
				CLANG_WARN_OBJC_IMPLICIT_RETAIN_SELF = YES;
				CLANG_WARN_OBJC_LITERAL_CONVERSION = YES;
				CLANG_WARN_OBJC_ROOT_CLASS = YES_ERROR;
				CLANG_WARN_RANGE_LOOP_ANALYSIS = YES;
				CLANG_WARN_STRICT_PROTOTYPES = YES;
				CLANG_WARN_SUSPICIOUS_MOVE = YES;
				CLANG_WARN_UNGUARDED_AVAILABILITY = YES_AGGRESSIVE;
				CLANG_WARN_UNREACHABLE_CODE = YES;
				CLANG_WARN__DUPLICATE_METHOD_MATCH = YES;
				CODE_SIGN_IDENTITY = "iPhone Developer";
				COPY_PHASE_STRIP = NO;
				DEBUG_INFORMATION_FORMAT = dwarf;
				ENABLE_STRICT_OBJC_MSGSEND = YES;
				ENABLE_TESTABILITY = YES;
				GCC_C_LANGUAGE_STANDARD = gnu11;
				GCC_DYNAMIC_NO_PIC = NO;
				GCC_NO_COMMON_BLOCKS = YES;
				GCC_OPTIMIZATION_LEVEL = 0;
				GCC_PREPROCESSOR_DEFINITIONS = (
					"DEBUG=1",
					"$(inherited)",
				);
				GCC_WARN_64_TO_32_BIT_CONVERSION = YES;
				GCC_WARN_ABOUT_RETURN_TYPE = YES_ERROR;
				GCC_WARN_UNDECLARED_SELECTOR = YES;
				GCC_WARN_UNINITIALIZED_AUTOS = YES_AGGRESSIVE;
				GCC_WARN_UNUSED_FUNCTION = YES;
				GCC_WARN_UNUSED_VARIABLE = YES;
				IPHONEOS_DEPLOYMENT_TARGET = 12.1;
				MTL_ENABLE_DEBUG_INFO = INCLUDE_SOURCE;
				MTL_FAST_MATH = YES;
				ONLY_ACTIVE_ARCH = YES;
				SDKROOT = iphoneos;
				SWIFT_ACTIVE_COMPILATION_CONDITIONS = DEBUG;
				SWIFT_OPTIMIZATION_LEVEL = "-Onone";
			};
			name = Debug;
		};
		F31304A92211FAD70089EFF0 /* Release */ = {
			isa = XCBuildConfiguration;
			buildSettings = {
				ALWAYS_SEARCH_USER_PATHS = NO;
				CLANG_ANALYZER_NONNULL = YES;
				CLANG_ANALYZER_NUMBER_OBJECT_CONVERSION = YES_AGGRESSIVE;
				CLANG_CXX_LANGUAGE_STANDARD = "gnu++14";
				CLANG_CXX_LIBRARY = "libc++";
				CLANG_ENABLE_MODULES = YES;
				CLANG_ENABLE_OBJC_ARC = YES;
				CLANG_ENABLE_OBJC_WEAK = YES;
				CLANG_WARN_BLOCK_CAPTURE_AUTORELEASING = YES;
				CLANG_WARN_BOOL_CONVERSION = YES;
				CLANG_WARN_COMMA = YES;
				CLANG_WARN_CONSTANT_CONVERSION = YES;
				CLANG_WARN_DEPRECATED_OBJC_IMPLEMENTATIONS = YES;
				CLANG_WARN_DIRECT_OBJC_ISA_USAGE = YES_ERROR;
				CLANG_WARN_DOCUMENTATION_COMMENTS = YES;
				CLANG_WARN_EMPTY_BODY = YES;
				CLANG_WARN_ENUM_CONVERSION = YES;
				CLANG_WARN_INFINITE_RECURSION = YES;
				CLANG_WARN_INT_CONVERSION = YES;
				CLANG_WARN_NON_LITERAL_NULL_CONVERSION = YES;
				CLANG_WARN_OBJC_IMPLICIT_RETAIN_SELF = YES;
				CLANG_WARN_OBJC_LITERAL_CONVERSION = YES;
				CLANG_WARN_OBJC_ROOT_CLASS = YES_ERROR;
				CLANG_WARN_RANGE_LOOP_ANALYSIS = YES;
				CLANG_WARN_STRICT_PROTOTYPES = YES;
				CLANG_WARN_SUSPICIOUS_MOVE = YES;
				CLANG_WARN_UNGUARDED_AVAILABILITY = YES_AGGRESSIVE;
				CLANG_WARN_UNREACHABLE_CODE = YES;
				CLANG_WARN__DUPLICATE_METHOD_MATCH = YES;
				CODE_SIGN_IDENTITY = "iPhone Developer";
				COPY_PHASE_STRIP = NO;
				DEBUG_INFORMATION_FORMAT = "dwarf-with-dsym";
				ENABLE_NS_ASSERTIONS = NO;
				ENABLE_STRICT_OBJC_MSGSEND = YES;
				GCC_C_LANGUAGE_STANDARD = gnu11;
				GCC_NO_COMMON_BLOCKS = YES;
				GCC_WARN_64_TO_32_BIT_CONVERSION = YES;
				GCC_WARN_ABOUT_RETURN_TYPE = YES_ERROR;
				GCC_WARN_UNDECLARED_SELECTOR = YES;
				GCC_WARN_UNINITIALIZED_AUTOS = YES_AGGRESSIVE;
				GCC_WARN_UNUSED_FUNCTION = YES;
				GCC_WARN_UNUSED_VARIABLE = YES;
				IPHONEOS_DEPLOYMENT_TARGET = 12.1;
				MTL_ENABLE_DEBUG_INFO = NO;
				MTL_FAST_MATH = YES;
				SDKROOT = iphoneos;
				SWIFT_COMPILATION_MODE = wholemodule;
				SWIFT_OPTIMIZATION_LEVEL = "-O";
				VALIDATE_PRODUCT = YES;
			};
			name = Release;
		};
		F31304AB2211FAD70089EFF0 /* Debug */ = {
			isa = XCBuildConfiguration;
			buildSettings = {
				ASSETCATALOG_COMPILER_APPICON_NAME = AppIcon;
				CODE_SIGN_STYLE = Automatic;
				INFOPLIST_FILE = Light/Info.plist;
				LD_RUNPATH_SEARCH_PATHS = (
					"$(inherited)",
					"@executable_path/Frameworks",
				);
				PRODUCT_BUNDLE_IDENTIFIER = org.ssfs.Light;
				PRODUCT_NAME = "$(TARGET_NAME)";
				SWIFT_VERSION = 4.2;
				TARGETED_DEVICE_FAMILY = "1,2";
			};
			name = Debug;
		};
		F31304AC2211FAD70089EFF0 /* Release */ = {
			isa = XCBuildConfiguration;
			buildSettings = {
				ASSETCATALOG_COMPILER_APPICON_NAME = AppIcon;
				CODE_SIGN_STYLE = Automatic;
				INFOPLIST_FILE = Light/Info.plist;
				LD_RUNPATH_SEARCH_PATHS = (
					"$(inherited)",
					"@executable_path/Frameworks",
				);
				PRODUCT_BUNDLE_IDENTIFIER = org.ssfs.Light;
				PRODUCT_NAME = "$(TARGET_NAME)";
				SWIFT_VERSION = 4.2;
				TARGETED_DEVICE_FAMILY = "1,2";
			};
			name = Release;
		};
		F31304AE2211FAD70089EFF0 /* Debug */ = {
			isa = XCBuildConfiguration;
			buildSettings = {
				ALWAYS_EMBED_SWIFT_STANDARD_LIBRARIES = YES;
				BUNDLE_LOADER = "$(TEST_HOST)";
				CODE_SIGN_STYLE = Automatic;
				INFOPLIST_FILE = LightTests/Info.plist;
				LD_RUNPATH_SEARCH_PATHS = (
					"$(inherited)",
					"@executable_path/Frameworks",
					"@loader_path/Frameworks",
				);
				PRODUCT_BUNDLE_IDENTIFIER = org.ssfs.LightTests;
				PRODUCT_NAME = "$(TARGET_NAME)";
				SWIFT_VERSION = 4.2;
				TARGETED_DEVICE_FAMILY = "1,2";
				TEST_HOST = "$(BUILT_PRODUCTS_DIR)/Light.app/Light";
			};
			name = Debug;
		};
		F31304AF2211FAD70089EFF0 /* Release */ = {
			isa = XCBuildConfiguration;
			buildSettings = {
				ALWAYS_EMBED_SWIFT_STANDARD_LIBRARIES = YES;
				BUNDLE_LOADER = "$(TEST_HOST)";
				CODE_SIGN_STYLE = Automatic;
				INFOPLIST_FILE = LightTests/Info.plist;
				LD_RUNPATH_SEARCH_PATHS = (
					"$(inherited)",
					"@executable_path/Frameworks",
					"@loader_path/Frameworks",
				);
				PRODUCT_BUNDLE_IDENTIFIER = org.ssfs.LightTests;
				PRODUCT_NAME = "$(TARGET_NAME)";
				SWIFT_VERSION = 4.2;
				TARGETED_DEVICE_FAMILY = "1,2";
				TEST_HOST = "$(BUILT_PRODUCTS_DIR)/Light.app/Light";
			};
			name = Release;
		};
		F31304B12211FAD70089EFF0 /* Debug */ = {
			isa = XCBuildConfiguration;
			buildSettings = {
				ALWAYS_EMBED_SWIFT_STANDARD_LIBRARIES = YES;
				CODE_SIGN_STYLE = Automatic;
				INFOPLIST_FILE = LightUITests/Info.plist;
				LD_RUNPATH_SEARCH_PATHS = (
					"$(inherited)",
					"@executable_path/Frameworks",
					"@loader_path/Frameworks",
				);
				PRODUCT_BUNDLE_IDENTIFIER = org.ssfs.LightUITests;
				PRODUCT_NAME = "$(TARGET_NAME)";
				SWIFT_VERSION = 4.2;
				TARGETED_DEVICE_FAMILY = "1,2";
				TEST_TARGET_NAME = Light;
			};
			name = Debug;
		};
		F31304B22211FAD70089EFF0 /* Release */ = {
			isa = XCBuildConfiguration;
			buildSettings = {
				ALWAYS_EMBED_SWIFT_STANDARD_LIBRARIES = YES;
				CODE_SIGN_STYLE = Automatic;
				INFOPLIST_FILE = LightUITests/Info.plist;
				LD_RUNPATH_SEARCH_PATHS = (
					"$(inherited)",
					"@executable_path/Frameworks",
					"@loader_path/Frameworks",
				);
				PRODUCT_BUNDLE_IDENTIFIER = org.ssfs.LightUITests;
				PRODUCT_NAME = "$(TARGET_NAME)";
				SWIFT_VERSION = 4.2;
				TARGETED_DEVICE_FAMILY = "1,2";
				TEST_TARGET_NAME = Light;
			};
			name = Release;
		};
/* End XCBuildConfiguration section */

/* Begin XCConfigurationList section */
		F313047D2211FAD60089EFF0 /* Build configuration list for PBXProject "Light" */ = {
			isa = XCConfigurationList;
			buildConfigurations = (
				F31304A82211FAD70089EFF0 /* Debug */,
				F31304A92211FAD70089EFF0 /* Release */,
			);
			defaultConfigurationIsVisible = 0;
			defaultConfigurationName = Release;
		};
		F31304AA2211FAD70089EFF0 /* Build configuration list for PBXNativeTarget "Light" */ = {
			isa = XCConfigurationList;
			buildConfigurations = (
				F31304AB2211FAD70089EFF0 /* Debug */,
				F31304AC2211FAD70089EFF0 /* Release */,
			);
			defaultConfigurationIsVisible = 0;
			defaultConfigurationName = Release;
		};
		F31304AD2211FAD70089EFF0 /* Build configuration list for PBXNativeTarget "LightTests" */ = {
			isa = XCConfigurationList;
			buildConfigurations = (
				F31304AE2211FAD70089EFF0 /* Debug */,
				F31304AF2211FAD70089EFF0 /* Release */,
			);
			defaultConfigurationIsVisible = 0;
			defaultConfigurationName = Release;
		};
		F31304B02211FAD70089EFF0 /* Build configuration list for PBXNativeTarget "LightUITests" */ = {
			isa = XCConfigurationList;
			buildConfigurations = (
				F31304B12211FAD70089EFF0 /* Debug */,
				F31304B22211FAD70089EFF0 /* Release */,
			);
			defaultConfigurationIsVisible = 0;
			defaultConfigurationName = Release;
		};
/* End XCConfigurationList section */
	};
	rootObject = F313047A2211FAD60089EFF0 /* Project object */;
}
